
Microsoft Visual Studio Solution File, Format Version 12.00
# Visual Studio Version 17
VisualStudioVersion = 17.12.35323.107
MinimumVisualStudioVersion = 10.0.40219.1
Project("{54A90642-561A-4BB1-A94E-469ADEE60C69}") = "edadsdad", "edadsdad\edadsdad.esproj", "{D72A114F-3D9A-4C2E-9830-97ADA13F5ABF}"
EndProject
Global
	GlobalSection(SolutionConfigurationPlatforms) = preSolution
		Debug|Any CPU = Debug|Any CPU
		Release|Any CPU = Release|Any CPU
	EndGlobalSection
	GlobalSection(ProjectConfigurationPlatforms) = postSolution
		{D72A114F-3D9A-4C2E-9830-97ADA13F5ABF}.Debug|Any CPU.ActiveCfg = Debug|Any CPU
		{D72A114F-3D9A-4C2E-9830-97ADA13F5ABF}.Debug|Any CPU.Build.0 = Debug|Any CPU
		{D72A114F-3D9A-4C2E-9830-97ADA13F5ABF}.Debug|Any CPU.Deploy.0 = Debug|Any CPU
		{D72A114F-3D9A-4C2E-9830-97ADA13F5ABF}.Release|Any CPU.ActiveCfg = Release|Any CPU
		{D72A114F-3D9A-4C2E-9830-97ADA13F5ABF}.Release|Any CPU.Build.0 = Release|Any CPU
		{D72A114F-3D9A-4C2E-9830-97ADA13F5ABF}.Release|Any CPU.Deploy.0 = Release|Any CPU
	EndGlobalSection
	GlobalSection(SolutionProperties) = preSolution
		HideSolutionNode = FALSE
	EndGlobalSection
	GlobalSection(ExtensibilityGlobals) = postSolution
		SolutionGuid = {3250BC9C-3451-43D9-8B35-687C4B350245}
	EndGlobalSection
EndGlobal
